
Microsoft Visual Studio Solution File, Format Version 12.00
# Visual Studio Version 16
VisualStudioVersion = 16.0.30717.126
MinimumVisualStudioVersion = 10.0.40219.1
Project("{FAE04EC0-301F-11D3-BF4B-00C04F79EFBC}") = "ViewModel", "Test\ViewModel.csproj", "{11E30E17-0E3C-4509-9223-F91647D9F5E0}"
EndProject
Project("{FAE04EC0-301F-11D3-BF4B-00C04F79EFBC}") = "View", "View\View.csproj", "{062F19EA-8582-40C8-8592-CCDF804EB77D}"
EndProject
Global
	GlobalSection(SolutionConfigurationPlatforms) = preSolution
		Debug|Any CPU = Debug|Any CPU
		Release|Any CPU = Release|Any CPU
	EndGlobalSection
	GlobalSection(ProjectConfigurationPlatforms) = postSolution
		{11E30E17-0E3C-4509-9223-F91647D9F5E0}.Debug|Any CPU.ActiveCfg = Debug|Any CPU
		{11E30E17-0E3C-4509-9223-F91647D9F5E0}.Debug|Any CPU.Build.0 = Debug|Any CPU
		{11E30E17-0E3C-4509-9223-F91647D9F5E0}.Release|Any CPU.ActiveCfg = Release|Any CPU
		{11E30E17-0E3C-4509-9223-F91647D9F5E0}.Release|Any CPU.Build.0 = Release|Any CPU
		{062F19EA-8582-40C8-8592-CCDF804EB77D}.Debug|Any CPU.ActiveCfg = Debug|Any CPU
		{062F19EA-8582-40C8-8592-CCDF804EB77D}.Debug|Any CPU.Build.0 = Debug|Any CPU
		{062F19EA-8582-40C8-8592-CCDF804EB77D}.Release|Any CPU.ActiveCfg = Release|Any CPU
		{062F19EA-8582-40C8-8592-CCDF804EB77D}.Release|Any CPU.Build.0 = Release|Any CPU
	EndGlobalSection
	GlobalSection(SolutionProperties) = preSolution
		HideSolutionNode = FALSE
	EndGlobalSection
	GlobalSection(ExtensibilityGlobals) = postSolution
		SolutionGuid = {AB241CAF-7F3C-4D72-9F91-46FA0D49DF20}
	EndGlobalSection
EndGlobal
